
Microsoft Visual Studio Solution File, Format Version 12.00
# Visual Studio Version 17
VisualStudioVersion = 17.9.34723.18
MinimumVisualStudioVersion = 10.0.40219.1
Project("{FAE04EC0-301F-11D3-BF4B-00C04F79EFBC}") = "HelloWorldCsharp", "HelloWorldCsharp.csproj", "{9633CF58-7783-4FB3-82FA-81A0F9D2BDF4}"
EndProject
Global
	GlobalSection(SolutionConfigurationPlatforms) = preSolution
		Debug|Any CPU = Debug|Any CPU
		Release|Any CPU = Release|Any CPU
	EndGlobalSection
	GlobalSection(ProjectConfigurationPlatforms) = postSolution
		{9633CF58-7783-4FB3-82FA-81A0F9D2BDF4}.Debug|Any CPU.ActiveCfg = Debug|Any CPU
		{9633CF58-7783-4FB3-82FA-81A0F9D2BDF4}.Debug|Any CPU.Build.0 = Debug|Any CPU
		{9633CF58-7783-4FB3-82FA-81A0F9D2BDF4}.Release|Any CPU.ActiveCfg = Release|Any CPU
		{9633CF58-7783-4FB3-82FA-81A0F9D2BDF4}.Release|Any CPU.Build.0 = Release|Any CPU
	EndGlobalSection
	GlobalSection(SolutionProperties) = preSolution
		HideSolutionNode = FALSE
	EndGlobalSection
	GlobalSection(ExtensibilityGlobals) = postSolution
		SolutionGuid = {BACCF499-D2FF-4A00-B99D-33E7EE5E0A32}
	EndGlobalSection
EndGlobal
